// !$*UTF8*$!
{
	archiveVersion = 1;
	classes = {
	};
	objectVersion = 50;
	objects = {

/* Begin PBXBuildFile section */
		A31C205324E7623800742C8E /* AppDelegate.swift in Sources */ = {isa = PBXBuildFile; fileRef = A31C205224E7623800742C8E /* AppDelegate.swift */; };
		A31C205524E7623800742C8E /* ContentView.swift in Sources */ = {isa = PBXBuildFile; fileRef = A31C205424E7623800742C8E /* ContentView.swift */; };
		A31C205724E7623A00742C8E /* Assets.xcassets in Resources */ = {isa = PBXBuildFile; fileRef = A31C205624E7623A00742C8E /* Assets.xcassets */; };
		A31C205A24E7623A00742C8E /* Preview Assets.xcassets in Resources */ = {isa = PBXBuildFile; fileRef = A31C205924E7623A00742C8E /* Preview Assets.xcassets */; };
		A31C205D24E7623A00742C8E /* Main.storyboard in Resources */ = {isa = PBXBuildFile; fileRef = A31C205B24E7623A00742C8E /* Main.storyboard */; };
		A31C206624E7628D00742C8E /* WebView.swift in Sources */ = {isa = PBXBuildFile; fileRef = A31C206524E7628D00742C8E /* WebView.swift */; };
/* End PBXBuildFile section */

/* Begin PBXFileReference section */
		A31C204F24E7623800742C8E /* Intellecture.app */ = {isa = PBXFileReference; explicitFileType = wrapper.application; includeInIndex = 0; path = Intellecture.app; sourceTree = BUILT_PRODUCTS_DIR; };
		A31C205224E7623800742C8E /* AppDelegate.swift */ = {isa = PBXFileReference; indentWidth = 4; lastKnownFileType = sourcecode.swift; path = AppDelegate.swift; sourceTree = "<group>"; tabWidth = 4; };
		A31C205424E7623800742C8E /* ContentView.swift */ = {isa = PBXFileReference; lastKnownFileType = sourcecode.swift; path = ContentView.swift; sourceTree = "<group>"; };
		A31C205624E7623A00742C8E /* Assets.xcassets */ = {isa = PBXFileReference; lastKnownFileType = folder.assetcatalog; path = Assets.xcassets; sourceTree = "<group>"; };
		A31C205924E7623A00742C8E /* Preview Assets.xcassets */ = {isa = PBXFileReference; lastKnownFileType = folder.assetcatalog; path = "Preview Assets.xcassets"; sourceTree = "<group>"; };
		A31C205C24E7623A00742C8E /* Base */ = {isa = PBXFileReference; lastKnownFileType = file.storyboard; name = Base; path = Base.lproj/Main.storyboard; sourceTree = "<group>"; };
		A31C205E24E7623A00742C8E /* Info.plist */ = {isa = PBXFileReference; lastKnownFileType = text.plist.xml; path = Info.plist; sourceTree = "<group>"; };
		A31C205F24E7623A00742C8E /* Intellecture.entitlements */ = {isa = PBXFileReference; lastKnownFileType = text.plist.entitlements; path = Intellecture.entitlements; sourceTree = "<group>"; };
		A31C206524E7628D00742C8E /* WebView.swift */ = {isa = PBXFileReference; lastKnownFileType = sourcecode.swift; path = WebView.swift; sourceTree = "<group>"; };
/* End PBXFileReference section */

/* Begin PBXFrameworksBuildPhase section */
		A31C204C24E7623800742C8E /* Frameworks */ = {
			isa = PBXFrameworksBuildPhase;
			buildActionMask = 2147483647;
			files = (
			);
			runOnlyForDeploymentPostprocessing = 0;
		};
/* End PBXFrameworksBuildPhase section */

/* Begin PBXGroup section */
		A31C204624E7623800742C8E = {
			isa = PBXGroup;
			children = (
				A31C205124E7623800742C8E /* Intellecture */,
				A31C205024E7623800742C8E /* Products */,
			);
			sourceTree = "<group>";
		};
		A31C205024E7623800742C8E /* Products */ = {
			isa = PBXGroup;
			children = (
				A31C204F24E7623800742C8E /* Intellecture.app */,
			);
			name = Products;
			sourceTree = "<group>";
		};
		A31C205124E7623800742C8E /* Intellecture */ = {
			isa = PBXGroup;
			children = (
				A31C205224E7623800742C8E /* AppDelegate.swift */,
				A31C205424E7623800742C8E /* ContentView.swift */,
				A31C205624E7623A00742C8E /* Assets.xcassets */,
				A31C205B24E7623A00742C8E /* Main.storyboard */,
				A31C205E24E7623A00742C8E /* Info.plist */,
				A31C205F24E7623A00742C8E /* Intellecture.entitlements */,
				A31C205824E7623A00742C8E /* Preview Content */,
				A31C206524E7628D00742C8E /* WebView.swift */,
			);
			path = Intellecture;
			sourceTree = "<group>";
		};
		A31C205824E7623A00742C8E /* Preview Content */ = {
			isa = PBXGroup;
			children = (
				A31C205924E7623A00742C8E /* Preview Assets.xcassets */,
			);
			path = "Preview Content";
			sourceTree = "<group>";
		};
/* End PBXGroup section */

/* Begin PBXNativeTarget section */
		A31C204E24E7623800742C8E /* Intellecture */ = {
			isa = PBXNativeTarget;
			buildConfigurationList = A31C206224E7623A00742C8E /* Build configuration list for PBXNativeTarget "Intellecture" */;
			buildPhases = (
				A31C204B24E7623800742C8E /* Sources */,
				A31C204C24E7623800742C8E /* Frameworks */,
				A31C204D24E7623800742C8E /* Resources */,
			);
			buildRules = (
			);
			dependencies = (
			);
			name = Intellecture;
			productName = Intellecture;
			productReference = A31C204F24E7623800742C8E /* Intellecture.app */;
			productType = "com.apple.product-type.application";
		};
/* End PBXNativeTarget section */

/* Begin PBXProject section */
		A31C204724E7623800742C8E /* Project object */ = {
			isa = PBXProject;
			attributes = {
				LastSwiftUpdateCheck = 1160;
				LastUpgradeCheck = 1160;
				ORGANIZATIONNAME = "Arjun Patrawala";
				TargetAttributes = {
					A31C204E24E7623800742C8E = {
						CreatedOnToolsVersion = 11.6;
					};
				};
			};
			buildConfigurationList = A31C204A24E7623800742C8E /* Build configuration list for PBXProject "Intellecture" */;
			compatibilityVersion = "Xcode 9.3";
			developmentRegion = en;
			hasScannedForEncodings = 0;
			knownRegions = (
				en,
				Base,
			);
			mainGroup = A31C204624E7623800742C8E;
			productRefGroup = A31C205024E7623800742C8E /* Products */;
			projectDirPath = "";
			projectRoot = "";
			targets = (
				A31C204E24E7623800742C8E /* Intellecture */,
			);
		};
/* End PBXProject section */

/* Begin PBXResourcesBuildPhase section */
		A31C204D24E7623800742C8E /* Resources */ = {
			isa = PBXResourcesBuildPhase;
			buildActionMask = 2147483647;
			files = (
				A31C205D24E7623A00742C8E /* Main.storyboard in Resources */,
				A31C205A24E7623A00742C8E /* Preview Assets.xcassets in Resources */,
				A31C205724E7623A00742C8E /* Assets.xcassets in Resources */,
			);
			runOnlyForDeploymentPostprocessing = 0;
		};
/* End PBXResourcesBuildPhase section */

/* Begin PBXSourcesBuildPhase section */
		A31C204B24E7623800742C8E /* Sources */ = {
			isa = PBXSourcesBuildPhase;
			buildActionMask = 2147483647;
			files = (
				A31C206624E7628D00742C8E /* WebView.swift in Sources */,
				A31C205524E7623800742C8E /* ContentView.swift in Sources */,
				A31C205324E7623800742C8E /* AppDelegate.swift in Sources */,
			);
			runOnlyForDeploymentPostprocessing = 0;
		};
/* End PBXSourcesBuildPhase section */

/* Begin PBXVariantGroup section */
		A31C205B24E7623A00742C8E /* Main.storyboard */ = {
			isa = PBXVariantGroup;
			children = (
				A31C205C24E7623A00742C8E /* Base */,
			);
			name = Main.storyboard;
			sourceTree = "<group>";
		};
/* End PBXVariantGroup section */

/* Begin XCBuildConfiguration section */
		A31C206024E7623A00742C8E /* Debug */ = {
			isa = XCBuildConfiguration;
			buildSettings = {
				ALWAYS_SEARCH_USER_PATHS = NO;
				CLANG_ANALYZER_NONNULL = YES;
				CLANG_ANALYZER_NUMBER_OBJECT_CONVERSION = YES_AGGRESSIVE;
				CLANG_CXX_LANGUAGE_STANDARD = "gnu++14";
				CLANG_CXX_LIBRARY = "libc++";
				CLANG_ENABLE_MODULES = YES;
				CLANG_ENABLE_OBJC_ARC = YES;
				CLANG_ENABLE_OBJC_WEAK = YES;
				CLANG_WARN_BLOCK_CAPTURE_AUTORELEASING = YES;
				CLANG_WARN_BOOL_CONVERSION = YES;
				CLANG_WARN_COMMA = YES;
				CLANG_WARN_CONSTANT_CONVERSION = YES;
				CLANG_WARN_DEPRECATED_OBJC_IMPLEMENTATIONS = YES;
				CLANG_WARN_DIRECT_OBJC_ISA_USAGE = YES_ERROR;
				CLANG_WARN_DOCUMENTATION_COMMENTS = YES;
				CLANG_WARN_EMPTY_BODY = YES;
				CLANG_WARN_ENUM_CONVERSION = YES;
				CLANG_WARN_INFINITE_RECURSION = YES;
				CLANG_WARN_INT_CONVERSION = YES;
				CLANG_WARN_NON_LITERAL_NULL_CONVERSION = YES;
				CLANG_WARN_OBJC_IMPLICIT_RETAIN_SELF = YES;
				CLANG_WARN_OBJC_LITERAL_CONVERSION = YES;
				CLANG_WARN_OBJC_ROOT_CLASS = YES_ERROR;
				CLANG_WARN_RANGE_LOOP_ANALYSIS = YES;
				CLANG_WARN_STRICT_PROTOTYPES = YES;
				CLANG_WARN_SUSPICIOUS_MOVE = YES;
				CLANG_WARN_UNGUARDED_AVAILABILITY = YES_AGGRESSIVE;
				CLANG_WARN_UNREACHABLE_CODE = YES;
				CLANG_WARN__DUPLICATE_METHOD_MATCH = YES;
				COPY_PHASE_STRIP = NO;
				DEBUG_INFORMATION_FORMAT = dwarf;
				ENABLE_STRICT_OBJC_MSGSEND = YES;
				ENABLE_TESTABILITY = YES;
				GCC_C_LANGUAGE_STANDARD = gnu11;
				GCC_DYNAMIC_NO_PIC = NO;
				GCC_NO_COMMON_BLOCKS = YES;
				GCC_OPTIMIZATION_LEVEL = 0;
				GCC_PREPROCESSOR_DEFINITIONS = (
					"DEBUG=1",
					"$(inherited)",
				);
				GCC_WARN_64_TO_32_BIT_CONVERSION = YES;
				GCC_WARN_ABOUT_RETURN_TYPE = YES_ERROR;
				GCC_WARN_UNDECLARED_SELECTOR = YES;
				GCC_WARN_UNINITIALIZED_AUTOS = YES_AGGRESSIVE;
				GCC_WARN_UNUSED_FUNCTION = YES;
				GCC_WARN_UNUSED_VARIABLE = YES;
				MACOSX_DEPLOYMENT_TARGET = 10.15;
				MTL_ENABLE_DEBUG_INFO = INCLUDE_SOURCE;
				MTL_FAST_MATH = YES;
				ONLY_ACTIVE_ARCH = YES;
				SDKROOT = macosx;
				SWIFT_ACTIVE_COMPILATION_CONDITIONS = DEBUG;
				SWIFT_OPTIMIZATION_LEVEL = "-Onone";
			};
			name = Debug;
		};
		A31C206124E7623A00742C8E /* Release */ = {
			isa = XCBuildConfiguration;
			buildSettings = {
				ALWAYS_SEARCH_USER_PATHS = NO;
				CLANG_ANALYZER_NONNULL = YES;
				CLANG_ANALYZER_NUMBER_OBJECT_CONVERSION = YES_AGGRESSIVE;
				CLANG_CXX_LANGUAGE_STANDARD = "gnu++14";
				CLANG_CXX_LIBRARY = "libc++";
				CLANG_ENABLE_MODULES = YES;
				CLANG_ENABLE_OBJC_ARC = YES;
				CLANG_ENABLE_OBJC_WEAK = YES;
				CLANG_WARN_BLOCK_CAPTURE_AUTORELEASING = YES;
				CLANG_WARN_BOOL_CONVERSION = YES;
				CLANG_WARN_COMMA = YES;
				CLANG_WARN_CONSTANT_CONVERSION = YES;
				CLANG_WARN_DEPRECATED_OBJC_IMPLEMENTATIONS = YES;
				CLANG_WARN_DIRECT_OBJC_ISA_USAGE = YES_ERROR;
				CLANG_WARN_DOCUMENTATION_COMMENTS = YES;
				CLANG_WARN_EMPTY_BODY = YES;
				CLANG_WARN_ENUM_CONVERSION = YES;
				CLANG_WARN_INFINITE_RECURSION = YES;
				CLANG_WARN_INT_CONVERSION = YES;
				CLANG_WARN_NON_LITERAL_NULL_CONVERSION = YES;
				CLANG_WARN_OBJC_IMPLICIT_RETAIN_SELF = YES;
				CLANG_WARN_OBJC_LITERAL_CONVERSION = YES;
				CLANG_WARN_OBJC_ROOT_CLASS = YES_ERROR;
				CLANG_WARN_RANGE_LOOP_ANALYSIS = YES;
				CLANG_WARN_STRICT_PROTOTYPES = YES;
				CLANG_WARN_SUSPICIOUS_MOVE = YES;
				CLANG_WARN_UNGUARDED_AVAILABILITY = YES_AGGRESSIVE;
				CLANG_WARN_UNREACHABLE_CODE = YES;
				CLANG_WARN__DUPLICATE_METHOD_MATCH = YES;
				COPY_PHASE_STRIP = NO;
				DEBUG_INFORMATION_FORMAT = "dwarf-with-dsym";
				ENABLE_NS_ASSERTIONS = NO;
				ENABLE_STRICT_OBJC_MSGSEND = YES;
				GCC_C_LANGUAGE_STANDARD = gnu11;
				GCC_NO_COMMON_BLOCKS = YES;
				GCC_WARN_64_TO_32_BIT_CONVERSION = YES;
				GCC_WARN_ABOUT_RETURN_TYPE = YES_ERROR;
				GCC_WARN_UNDECLARED_SELECTOR = YES;
				GCC_WARN_UNINITIALIZED_AUTOS = YES_AGGRESSIVE;
				GCC_WARN_UNUSED_FUNCTION = YES;
				GCC_WARN_UNUSED_VARIABLE = YES;
				MACOSX_DEPLOYMENT_TARGET = 10.15;
				MTL_ENABLE_DEBUG_INFO = NO;
				MTL_FAST_MATH = YES;
				SDKROOT = macosx;
				SWIFT_COMPILATION_MODE = wholemodule;
				SWIFT_OPTIMIZATION_LEVEL = "-O";
			};
			name = Release;
		};
		A31C206324E7623A00742C8E /* Debug */ = {
			isa = XCBuildConfiguration;
			buildSettings = {
				ASSETCATALOG_COMPILER_APPICON_NAME = AppIcon;
				CODE_SIGN_ENTITLEMENTS = Intellecture/Intellecture.entitlements;
				CODE_SIGN_STYLE = Automatic;
				COMBINE_HIDPI_IMAGES = YES;
				DEVELOPMENT_ASSET_PATHS = "\"Intellecture/Preview Content\"";
				ENABLE_PREVIEWS = YES;
				INFOPLIST_FILE = Intellecture/Info.plist;
				LD_RUNPATH_SEARCH_PATHS = (
					"$(inherited)",
					"@executable_path/../Frameworks",
				);
				MACOSX_DEPLOYMENT_TARGET = 10.15;
				PRODUCT_BUNDLE_IDENTIFIER = app.intellecture.Intellecture;
				PRODUCT_NAME = "$(TARGET_NAME)";
				SWIFT_VERSION = 5.0;
			};
			name = Debug;
		};
		A31C206424E7623A00742C8E /* Release */ = {
			isa = XCBuildConfiguration;
			buildSettings = {
				ASSETCATALOG_COMPILER_APPICON_NAME = AppIcon;
				CODE_SIGN_ENTITLEMENTS = Intellecture/Intellecture.entitlements;
				CODE_SIGN_STYLE = Automatic;
				COMBINE_HIDPI_IMAGES = YES;
				DEVELOPMENT_ASSET_PATHS = "\"Intellecture/Preview Content\"";
				ENABLE_PREVIEWS = YES;
				INFOPLIST_FILE = Intellecture/Info.plist;
				LD_RUNPATH_SEARCH_PATHS = (
					"$(inherited)",
					"@executable_path/../Frameworks",
				);
				MACOSX_DEPLOYMENT_TARGET = 10.15;
				PRODUCT_BUNDLE_IDENTIFIER = app.intellecture.Intellecture;
				PRODUCT_NAME = "$(TARGET_NAME)";
				SWIFT_VERSION = 5.0;
			};
			name = Release;
		};
/* End XCBuildConfiguration section */

/* Begin XCConfigurationList section */
		A31C204A24E7623800742C8E /* Build configuration list for PBXProject "Intellecture" */ = {
			isa = XCConfigurationList;
			buildConfigurations = (
				A31C206024E7623A00742C8E /* Debug */,
				A31C206124E7623A00742C8E /* Release */,
			);
			defaultConfigurationIsVisible = 0;
			defaultConfigurationName = Release;
		};
		A31C206224E7623A00742C8E /* Build configuration list for PBXNativeTarget "Intellecture" */ = {
			isa = XCConfigurationList;
			buildConfigurations = (
				A31C206324E7623A00742C8E /* Debug */,
				A31C206424E7623A00742C8E /* Release */,
			);
			defaultConfigurationIsVisible = 0;
			defaultConfigurationName = Release;
		};
/* End XCConfigurationList section */
	};
	rootObject = A31C204724E7623800742C8E /* Project object */;
}
